// !$*UTF8*$!
{
	archiveVersion = 1;
	classes = {
	};
	objectVersion = 77;
	objects = {

/* Begin PBXBuildFile section */
		05D5F7D69431DCFFF00E3A43 /* DeepSeekAPI.swift in Sources */ = {isa = PBXBuildFile; fileRef = 0DD7EE19A681D7A6AFE3FB39 /* DeepSeekAPI.swift */; };
		0911B703FD2A63378C114941 /* ClaudeUsage.swift in Sources */ = {isa = PBXBuildFile; fileRef = A4C3C5498708E44DCD3A5010 /* ClaudeUsage.swift */; };
		11FAB4E4CAD6A8EF7CE920D9 /* ClaudeView.swift in Sources */ = {isa = PBXBuildFile; fileRef = BB6A17440FBC840AC50A81CF /* ClaudeView.swift */; };
		1D9C6D228E7B415184B8929F /* Store.swift in Sources */ = {isa = PBXBuildFile; fileRef = 6C44F4169F55CFCB17ED373F /* Store.swift */; };
		29788D9442A3BCC7FA354DF6 /* DashboardView.swift in Sources */ = {isa = PBXBuildFile; fileRef = 43AE97FB6028C4ECF35CAC57 /* DashboardView.swift */; };
		2CF0ACF672CAA06EB5618472 /* Models.swift in Sources */ = {isa = PBXBuildFile; fileRef = B654C8A5F24F82D2F51C0BCC /* Models.swift */; };
		34CA00D2C67B29DB97A0B4B6 /* CodexUsage.swift in Sources */ = {isa = PBXBuildFile; fileRef = 9641CD092C741C90635D17C4 /* CodexUsage.swift */; };
		3A59F9516E19438A40904CC1 /* main.swift in Sources */ = {isa = PBXBuildFile; fileRef = 43721C87F69E11DE76629D4B /* main.swift */; };
		3BECF482375E59FF36AE55D8 /* CodexView.swift in Sources */ = {isa = PBXBuildFile; fileRef = F7101A90B1EF12BC486020D6 /* CodexView.swift */; };
		3BFE649C271B2B12F26D2D02 /* Theme.swift in Sources */ = {isa = PBXBuildFile; fileRef = AAB56F3967B6EB228965B1B7 /* Theme.swift */; };
		3D39127604F728B98CD8CB96 /* RootView.swift in Sources */ = {isa = PBXBuildFile; fileRef = 1E448E5D65F7E9AA68A654F9 /* RootView.swift */; };
		41CC2CC0F24D0CEBD4B30940 /* SettingsView.swift in Sources */ = {isa = PBXBuildFile; fileRef = 22C578B6CE9B018152609CD4 /* SettingsView.swift */; };
		44061F64A8B683481ECB27B0 /* AppState.swift in Sources */ = {isa = PBXBuildFile; fileRef = 944C3394ECDA3217CF2A83B4 /* AppState.swift */; };
		71D3F712092AF90C701D38F3 /* AppDelegate.swift in Sources */ = {isa = PBXBuildFile; fileRef = 245AB0C2447FBC014A398C7C /* AppDelegate.swift */; };
		792D3D4A9C0178955C727B27 /* Format.swift in Sources */ = {isa = PBXBuildFile; fileRef = D5B1419AB8F506B644A3340D /* Format.swift */; };
		868036DAB3F2AC07CA485C36 /* PlatformPortal.swift in Sources */ = {isa = PBXBuildFile; fileRef = 08F1756D581037AF03C4103E /* PlatformPortal.swift */; };
		9EAF2DA1EB767D7523C7F546 /* Updater.swift in Sources */ = {isa = PBXBuildFile; fileRef = 2E3A0EBF04A9613EA788337D /* Updater.swift */; };
		A9C6C6B8B19B43540EDF0109 /* LoginSync.swift in Sources */ = {isa = PBXBuildFile; fileRef = F0A1DF71F2FEF17735B8339C /* LoginSync.swift */; };
		ABD691871A6BD8AC9A628F8A /* Autostart.swift in Sources */ = {isa = PBXBuildFile; fileRef = 072046A1EC9BD16F1DC3FAB9 /* Autostart.swift */; };
		AE05D89FBB3F8A1E34C6DA3A /* DashboardComponents.swift in Sources */ = {isa = PBXBuildFile; fileRef = 6BA266BD07EB4BE87D4EF386 /* DashboardComponents.swift */; };
		E2062F8E429C8CD94C313DAE /* ModelDetailView.swift in Sources */ = {isa = PBXBuildFile; fileRef = 5ACF139FCFAE6B452C0135B2 /* ModelDetailView.swift */; };
/* End PBXBuildFile section */

/* Begin PBXFileReference section */
		072046A1EC9BD16F1DC3FAB9 /* Autostart.swift */ = {isa = PBXFileReference; lastKnownFileType = sourcecode.swift; path = Autostart.swift; sourceTree = "<group>"; };
		08F1756D581037AF03C4103E /* PlatformPortal.swift */ = {isa = PBXFileReference; lastKnownFileType = sourcecode.swift; path = PlatformPortal.swift; sourceTree = "<group>"; };
		0DD7EE19A681D7A6AFE3FB39 /* DeepSeekAPI.swift */ = {isa = PBXFileReference; lastKnownFileType = sourcecode.swift; path = DeepSeekAPI.swift; sourceTree = "<group>"; };
		1E448E5D65F7E9AA68A654F9 /* RootView.swift */ = {isa = PBXFileReference; lastKnownFileType = sourcecode.swift; path = RootView.swift; sourceTree = "<group>"; };
		22C578B6CE9B018152609CD4 /* SettingsView.swift */ = {isa = PBXFileReference; lastKnownFileType = sourcecode.swift; path = SettingsView.swift; sourceTree = "<group>"; };
		245AB0C2447FBC014A398C7C /* AppDelegate.swift */ = {isa = PBXFileReference; lastKnownFileType = sourcecode.swift; path = AppDelegate.swift; sourceTree = "<group>"; };
		2E3A0EBF04A9613EA788337D /* Updater.swift */ = {isa = PBXFileReference; lastKnownFileType = sourcecode.swift; path = Updater.swift; sourceTree = "<group>"; };
		43721C87F69E11DE76629D4B /* main.swift */ = {isa = PBXFileReference; lastKnownFileType = sourcecode.swift; path = main.swift; sourceTree = "<group>"; };
		43AE97FB6028C4ECF35CAC57 /* DashboardView.swift */ = {isa = PBXFileReference; lastKnownFileType = sourcecode.swift; path = DashboardView.swift; sourceTree = "<group>"; };
		4D2418F08BE2179FF995533A /* Info.plist */ = {isa = PBXFileReference; lastKnownFileType = text.plist; path = Info.plist; sourceTree = "<group>"; };
		50703769CF1AD5D3217B901D /* DeepSeekMonitor.entitlements */ = {isa = PBXFileReference; lastKnownFileType = text.plist.entitlements; path = DeepSeekMonitor.entitlements; sourceTree = "<group>"; };
		5ACF139FCFAE6B452C0135B2 /* ModelDetailView.swift */ = {isa = PBXFileReference; lastKnownFileType = sourcecode.swift; path = ModelDetailView.swift; sourceTree = "<group>"; };
		6BA266BD07EB4BE87D4EF386 /* DashboardComponents.swift */ = {isa = PBXFileReference; lastKnownFileType = sourcecode.swift; path = DashboardComponents.swift; sourceTree = "<group>"; };
		6C44F4169F55CFCB17ED373F /* Store.swift */ = {isa = PBXFileReference; lastKnownFileType = sourcecode.swift; path = Store.swift; sourceTree = "<group>"; };
		944C3394ECDA3217CF2A83B4 /* AppState.swift */ = {isa = PBXFileReference; lastKnownFileType = sourcecode.swift; path = AppState.swift; sourceTree = "<group>"; };
		9641CD092C741C90635D17C4 /* CodexUsage.swift */ = {isa = PBXFileReference; lastKnownFileType = sourcecode.swift; path = CodexUsage.swift; sourceTree = "<group>"; };
		9742B7090456CB0E7A2771D1 /* DeepSeekMonitor.app */ = {isa = PBXFileReference; explicitFileType = wrapper.application; includeInIndex = 0; path = DeepSeekMonitor.app; sourceTree = BUILT_PRODUCTS_DIR; };
		A4C3C5498708E44DCD3A5010 /* ClaudeUsage.swift */ = {isa = PBXFileReference; lastKnownFileType = sourcecode.swift; path = ClaudeUsage.swift; sourceTree = "<group>"; };
		AAB56F3967B6EB228965B1B7 /* Theme.swift */ = {isa = PBXFileReference; lastKnownFileType = sourcecode.swift; path = Theme.swift; sourceTree = "<group>"; };
		B654C8A5F24F82D2F51C0BCC /* Models.swift */ = {isa = PBXFileReference; lastKnownFileType = sourcecode.swift; path = Models.swift; sourceTree = "<group>"; };
		BB6A17440FBC840AC50A81CF /* ClaudeView.swift */ = {isa = PBXFileReference; lastKnownFileType = sourcecode.swift; path = ClaudeView.swift; sourceTree = "<group>"; };
		D5B1419AB8F506B644A3340D /* Format.swift */ = {isa = PBXFileReference; lastKnownFileType = sourcecode.swift; path = Format.swift; sourceTree = "<group>"; };
		F0A1DF71F2FEF17735B8339C /* LoginSync.swift */ = {isa = PBXFileReference; lastKnownFileType = sourcecode.swift; path = LoginSync.swift; sourceTree = "<group>"; };
		F7101A90B1EF12BC486020D6 /* CodexView.swift */ = {isa = PBXFileReference; lastKnownFileType = sourcecode.swift; path = CodexView.swift; sourceTree = "<group>"; };
/* End PBXFileReference section */

/* Begin PBXGroup section */
		0F532B7164EFDEE61ABA88C2 /* DeepSeekMonitor */ = {
			isa = PBXGroup;
			children = (
				B215B1D965F052572AB0B4D1 /* Models */,
				2AEE18F19991A2956A28961F /* Services */,
				7D3BE20525E2E0A6301BBC2D /* Shell */,
				4BE828C1243B3CA369E70D16 /* Views */,
			);
			path = DeepSeekMonitor;
			sourceTree = "<group>";
		};
		2AEE18F19991A2956A28961F /* Services */ = {
			isa = PBXGroup;
			children = (
				072046A1EC9BD16F1DC3FAB9 /* Autostart.swift */,
				A4C3C5498708E44DCD3A5010 /* ClaudeUsage.swift */,
				9641CD092C741C90635D17C4 /* CodexUsage.swift */,
				0DD7EE19A681D7A6AFE3FB39 /* DeepSeekAPI.swift */,
				F0A1DF71F2FEF17735B8339C /* LoginSync.swift */,
				08F1756D581037AF03C4103E /* PlatformPortal.swift */,
				6C44F4169F55CFCB17ED373F /* Store.swift */,
				2E3A0EBF04A9613EA788337D /* Updater.swift */,
			);
			path = Services;
			sourceTree = "<group>";
		};
		4BE828C1243B3CA369E70D16 /* Views */ = {
			isa = PBXGroup;
			children = (
				BB6A17440FBC840AC50A81CF /* ClaudeView.swift */,
				F7101A90B1EF12BC486020D6 /* CodexView.swift */,
				6BA266BD07EB4BE87D4EF386 /* DashboardComponents.swift */,
				43AE97FB6028C4ECF35CAC57 /* DashboardView.swift */,
				5ACF139FCFAE6B452C0135B2 /* ModelDetailView.swift */,
				1E448E5D65F7E9AA68A654F9 /* RootView.swift */,
				22C578B6CE9B018152609CD4 /* SettingsView.swift */,
				AAB56F3967B6EB228965B1B7 /* Theme.swift */,
			);
			path = Views;
			sourceTree = "<group>";
		};
		6705CE088D47143FC4125A26 /* Products */ = {
			isa = PBXGroup;
			children = (
				9742B7090456CB0E7A2771D1 /* DeepSeekMonitor.app */,
			);
			name = Products;
			sourceTree = "<group>";
		};
		6B6F439B538295840869A3CA /* Resources */ = {
			isa = PBXGroup;
			children = (
			);
			path = Resources;
			sourceTree = "<group>";
		};
		7D3BE20525E2E0A6301BBC2D /* Shell */ = {
			isa = PBXGroup;
			children = (
				245AB0C2447FBC014A398C7C /* AppDelegate.swift */,
				43721C87F69E11DE76629D4B /* main.swift */,
			);
			path = Shell;
			sourceTree = "<group>";
		};
		95A309FE55ECCE00877D42CA /* Sources */ = {
			isa = PBXGroup;
			children = (
				50703769CF1AD5D3217B901D /* DeepSeekMonitor.entitlements */,
				4D2418F08BE2179FF995533A /* Info.plist */,
				0F532B7164EFDEE61ABA88C2 /* DeepSeekMonitor */,
			);
			path = Sources;
			sourceTree = "<group>";
		};
		B215B1D965F052572AB0B4D1 /* Models */ = {
			isa = PBXGroup;
			children = (
				944C3394ECDA3217CF2A83B4 /* AppState.swift */,
				D5B1419AB8F506B644A3340D /* Format.swift */,
				B654C8A5F24F82D2F51C0BCC /* Models.swift */,
			);
			path = Models;
			sourceTree = "<group>";
		};
		BFDF33F2FFEDF629D77D2CAA = {
			isa = PBXGroup;
			children = (
				6B6F439B538295840869A3CA /* Resources */,
				95A309FE55ECCE00877D42CA /* Sources */,
				6705CE088D47143FC4125A26 /* Products */,
			);
			sourceTree = "<group>";
		};
/* End PBXGroup section */

/* Begin PBXNativeTarget section */
		28D9EA18BD9222FFD6AB4AD5 /* DeepSeekMonitor */ = {
			isa = PBXNativeTarget;
			buildConfigurationList = 8CC2D6426009B08C8D421DCA /* Build configuration list for PBXNativeTarget "DeepSeekMonitor" */;
			buildPhases = (
				7F91105A1FDFF5D39B56D408 /* Sources */,
			);
			buildRules = (
			);
			dependencies = (
			);
			name = DeepSeekMonitor;
			packageProductDependencies = (
			);
			productName = DeepSeekMonitor;
			productReference = 9742B7090456CB0E7A2771D1 /* DeepSeekMonitor.app */;
			productType = "com.apple.product-type.application";
		};
/* End PBXNativeTarget section */

/* Begin PBXProject section */
		A1A10A74F3CA661CBF8A82AE /* Project object */ = {
			isa = PBXProject;
			attributes = {
				BuildIndependentTargetsInParallel = YES;
				LastUpgradeCheck = 1430;
				TargetAttributes = {
					28D9EA18BD9222FFD6AB4AD5 = {
						DevelopmentTeam = "";
						ProvisioningStyle = Automatic;
					};
				};
			};
			buildConfigurationList = 84FC48CC5D0CF7C2625A6DF4 /* Build configuration list for PBXProject "DeepSeekMonitor" */;
			developmentRegion = en;
			hasScannedForEncodings = 0;
			knownRegions = (
				Base,
				en,
			);
			mainGroup = BFDF33F2FFEDF629D77D2CAA;
			minimizedProjectReferenceProxies = 1;
			preferredProjectObjectVersion = 77;
			productRefGroup = 6705CE088D47143FC4125A26 /* Products */;
			projectDirPath = "";
			projectRoot = "";
			targets = (
				28D9EA18BD9222FFD6AB4AD5 /* DeepSeekMonitor */,
			);
		};
/* End PBXProject section */

/* Begin PBXSourcesBuildPhase section */
		7F91105A1FDFF5D39B56D408 /* Sources */ = {
			isa = PBXSourcesBuildPhase;
			buildActionMask = 2147483647;
			files = (
				71D3F712092AF90C701D38F3 /* AppDelegate.swift in Sources */,
				44061F64A8B683481ECB27B0 /* AppState.swift in Sources */,
				ABD691871A6BD8AC9A628F8A /* Autostart.swift in Sources */,
				0911B703FD2A63378C114941 /* ClaudeUsage.swift in Sources */,
				11FAB4E4CAD6A8EF7CE920D9 /* ClaudeView.swift in Sources */,
				34CA00D2C67B29DB97A0B4B6 /* CodexUsage.swift in Sources */,
				3BECF482375E59FF36AE55D8 /* CodexView.swift in Sources */,
				AE05D89FBB3F8A1E34C6DA3A /* DashboardComponents.swift in Sources */,
				29788D9442A3BCC7FA354DF6 /* DashboardView.swift in Sources */,
				05D5F7D69431DCFFF00E3A43 /* DeepSeekAPI.swift in Sources */,
				792D3D4A9C0178955C727B27 /* Format.swift in Sources */,
				A9C6C6B8B19B43540EDF0109 /* LoginSync.swift in Sources */,
				E2062F8E429C8CD94C313DAE /* ModelDetailView.swift in Sources */,
				2CF0ACF672CAA06EB5618472 /* Models.swift in Sources */,
				868036DAB3F2AC07CA485C36 /* PlatformPortal.swift in Sources */,
				3D39127604F728B98CD8CB96 /* RootView.swift in Sources */,
				41CC2CC0F24D0CEBD4B30940 /* SettingsView.swift in Sources */,
				1D9C6D228E7B415184B8929F /* Store.swift in Sources */,
				3BFE649C271B2B12F26D2D02 /* Theme.swift in Sources */,
				9EAF2DA1EB767D7523C7F546 /* Updater.swift in Sources */,
				3A59F9516E19438A40904CC1 /* main.swift in Sources */,
			);
			runOnlyForDeploymentPostprocessing = 0;
		};
/* End PBXSourcesBuildPhase section */

/* Begin XCBuildConfiguration section */
		05D2E7AE828097D92E2B5300 /* Release */ = {
			isa = XCBuildConfiguration;
			buildSettings = {
				ALWAYS_SEARCH_USER_PATHS = NO;
				CLANG_ANALYZER_NONNULL = YES;
				CLANG_ANALYZER_NUMBER_OBJECT_CONVERSION = YES_AGGRESSIVE;
				CLANG_CXX_LANGUAGE_STANDARD = "gnu++14";
				CLANG_CXX_LIBRARY = "libc++";
				CLANG_ENABLE_MODULES = YES;
				CLANG_ENABLE_OBJC_ARC = YES;
				CLANG_ENABLE_OBJC_WEAK = YES;
				CLANG_WARN_BLOCK_CAPTURE_AUTORELEASING = YES;
				CLANG_WARN_BOOL_CONVERSION = YES;
				CLANG_WARN_COMMA = YES;
				CLANG_WARN_CONSTANT_CONVERSION = YES;
				CLANG_WARN_DEPRECATED_OBJC_IMPLEMENTATIONS = YES;
				CLANG_WARN_DIRECT_OBJC_ISA_USAGE = YES_ERROR;
				CLANG_WARN_DOCUMENTATION_COMMENTS = YES;
				CLANG_WARN_EMPTY_BODY = YES;
				CLANG_WARN_ENUM_CONVERSION = YES;
				CLANG_WARN_INFINITE_RECURSION = YES;
				CLANG_WARN_INT_CONVERSION = YES;
				CLANG_WARN_NON_LITERAL_NULL_CONVERSION = YES;
				CLANG_WARN_OBJC_IMPLICIT_RETAIN_SELF = YES;
				CLANG_WARN_OBJC_LITERAL_CONVERSION = YES;
				CLANG_WARN_OBJC_ROOT_CLASS = YES_ERROR;
				CLANG_WARN_QUOTED_INCLUDE_IN_FRAMEWORK_HEADER = YES;
				CLANG_WARN_RANGE_LOOP_ANALYSIS = YES;
				CLANG_WARN_STRICT_PROTOTYPES = YES;
				CLANG_WARN_SUSPICIOUS_MOVE = YES;
				CLANG_WARN_UNGUARDED_AVAILABILITY = YES_AGGRESSIVE;
				CLANG_WARN_UNREACHABLE_CODE = YES;
				CLANG_WARN__DUPLICATE_METHOD_MATCH = YES;
				CODE_SIGNING_ALLOWED = NO;
				CODE_SIGNING_REQUIRED = NO;
				CODE_SIGN_STYLE = Automatic;
				COPY_PHASE_STRIP = NO;
				CURRENT_PROJECT_VERSION = 1;
				DEBUG_INFORMATION_FORMAT = "dwarf-with-dsym";
				DEVELOPMENT_TEAM = "";
				ENABLE_HARDENED_RUNTIME = YES;
				ENABLE_NS_ASSERTIONS = NO;
				ENABLE_STRICT_OBJC_MSGSEND = YES;
				GCC_C_LANGUAGE_STANDARD = gnu11;
				GCC_NO_COMMON_BLOCKS = YES;
				GCC_WARN_64_TO_32_BIT_CONVERSION = YES;
				GCC_WARN_ABOUT_RETURN_TYPE = YES_ERROR;
				GCC_WARN_UNDECLARED_SELECTOR = YES;
				GCC_WARN_UNINITIALIZED_AUTOS = YES_AGGRESSIVE;
				GCC_WARN_UNUSED_FUNCTION = YES;
				GCC_WARN_UNUSED_VARIABLE = YES;
				MACOSX_DEPLOYMENT_TARGET = 14.0;
				MARKETING_VERSION = 2.6.0;
				MTL_ENABLE_DEBUG_INFO = NO;
				MTL_FAST_MATH = YES;
				PRODUCT_BUNDLE_IDENTIFIER = com.deepseek.monitor.mac;
				PRODUCT_NAME = "$(TARGET_NAME)";
				SDKROOT = macosx;
				SWIFT_COMPILATION_MODE = wholemodule;
				SWIFT_OPTIMIZATION_LEVEL = "-O";
				SWIFT_VERSION = 5.0;
			};
			name = Release;
		};
		257837BB36E6CD084C5967EB /* Debug */ = {
			isa = XCBuildConfiguration;
			buildSettings = {
				ALWAYS_SEARCH_USER_PATHS = NO;
				CLANG_ANALYZER_NONNULL = YES;
				CLANG_ANALYZER_NUMBER_OBJECT_CONVERSION = YES_AGGRESSIVE;
				CLANG_CXX_LANGUAGE_STANDARD = "gnu++14";
				CLANG_CXX_LIBRARY = "libc++";
				CLANG_ENABLE_MODULES = YES;
				CLANG_ENABLE_OBJC_ARC = YES;
				CLANG_ENABLE_OBJC_WEAK = YES;
				CLANG_WARN_BLOCK_CAPTURE_AUTORELEASING = YES;
				CLANG_WARN_BOOL_CONVERSION = YES;
				CLANG_WARN_COMMA = YES;
				CLANG_WARN_CONSTANT_CONVERSION = YES;
				CLANG_WARN_DEPRECATED_OBJC_IMPLEMENTATIONS = YES;
				CLANG_WARN_DIRECT_OBJC_ISA_USAGE = YES_ERROR;
				CLANG_WARN_DOCUMENTATION_COMMENTS = YES;
				CLANG_WARN_EMPTY_BODY = YES;
				CLANG_WARN_ENUM_CONVERSION = YES;
				CLANG_WARN_INFINITE_RECURSION = YES;
				CLANG_WARN_INT_CONVERSION = YES;
				CLANG_WARN_NON_LITERAL_NULL_CONVERSION = YES;
				CLANG_WARN_OBJC_IMPLICIT_RETAIN_SELF = YES;
				CLANG_WARN_OBJC_LITERAL_CONVERSION = YES;
				CLANG_WARN_OBJC_ROOT_CLASS = YES_ERROR;
				CLANG_WARN_QUOTED_INCLUDE_IN_FRAMEWORK_HEADER = YES;
				CLANG_WARN_RANGE_LOOP_ANALYSIS = YES;
				CLANG_WARN_STRICT_PROTOTYPES = YES;
				CLANG_WARN_SUSPICIOUS_MOVE = YES;
				CLANG_WARN_UNGUARDED_AVAILABILITY = YES_AGGRESSIVE;
				CLANG_WARN_UNREACHABLE_CODE = YES;
				CLANG_WARN__DUPLICATE_METHOD_MATCH = YES;
				CODE_SIGNING_ALLOWED = NO;
				CODE_SIGNING_REQUIRED = NO;
				CODE_SIGN_STYLE = Automatic;
				COPY_PHASE_STRIP = NO;
				CURRENT_PROJECT_VERSION = 1;
				DEBUG_INFORMATION_FORMAT = dwarf;
				DEVELOPMENT_TEAM = "";
				ENABLE_HARDENED_RUNTIME = YES;
				ENABLE_STRICT_OBJC_MSGSEND = YES;
				ENABLE_TESTABILITY = YES;
				GCC_C_LANGUAGE_STANDARD = gnu11;
				GCC_DYNAMIC_NO_PIC = NO;
				GCC_NO_COMMON_BLOCKS = YES;
				GCC_OPTIMIZATION_LEVEL = 0;
				GCC_PREPROCESSOR_DEFINITIONS = (
					"$(inherited)",
					"DEBUG=1",
				);
				GCC_WARN_64_TO_32_BIT_CONVERSION = YES;
				GCC_WARN_ABOUT_RETURN_TYPE = YES_ERROR;
				GCC_WARN_UNDECLARED_SELECTOR = YES;
				GCC_WARN_UNINITIALIZED_AUTOS = YES_AGGRESSIVE;
				GCC_WARN_UNUSED_FUNCTION = YES;
				GCC_WARN_UNUSED_VARIABLE = YES;
				MACOSX_DEPLOYMENT_TARGET = 14.0;
				MARKETING_VERSION = 2.6.0;
				MTL_ENABLE_DEBUG_INFO = INCLUDE_SOURCE;
				MTL_FAST_MATH = YES;
				ONLY_ACTIVE_ARCH = YES;
				PRODUCT_BUNDLE_IDENTIFIER = com.deepseek.monitor.mac;
				PRODUCT_NAME = "$(TARGET_NAME)";
				SDKROOT = macosx;
				SWIFT_ACTIVE_COMPILATION_CONDITIONS = DEBUG;
				SWIFT_OPTIMIZATION_LEVEL = "-Onone";
				SWIFT_VERSION = 5.0;
			};
			name = Debug;
		};
		605F1F80B97F464BFE55169A /* Release */ = {
			isa = XCBuildConfiguration;
			buildSettings = {
				ASSETCATALOG_COMPILER_APPICON_NAME = AppIcon;
				CODE_SIGN_ENTITLEMENTS = Sources/DeepSeekMonitor.entitlements;
				COMBINE_HIDPI_IMAGES = YES;
				INFOPLIST_FILE = Sources/Info.plist;
				LD_RUNPATH_SEARCH_PATHS = (
					"$(inherited)",
					"@executable_path/../Frameworks",
				);
				SDKROOT = macosx;
			};
			name = Release;
		};
		AB1019ED654550BB8254B05A /* Debug */ = {
			isa = XCBuildConfiguration;
			buildSettings = {
				ASSETCATALOG_COMPILER_APPICON_NAME = AppIcon;
				CODE_SIGN_ENTITLEMENTS = Sources/DeepSeekMonitor.entitlements;
				COMBINE_HIDPI_IMAGES = YES;
				INFOPLIST_FILE = Sources/Info.plist;
				LD_RUNPATH_SEARCH_PATHS = (
					"$(inherited)",
					"@executable_path/../Frameworks",
				);
				SDKROOT = macosx;
			};
			name = Debug;
		};
/* End XCBuildConfiguration section */

/* Begin XCConfigurationList section */
		84FC48CC5D0CF7C2625A6DF4 /* Build configuration list for PBXProject "DeepSeekMonitor" */ = {
			isa = XCConfigurationList;
			buildConfigurations = (
				257837BB36E6CD084C5967EB /* Debug */,
				05D2E7AE828097D92E2B5300 /* Release */,
			);
			defaultConfigurationIsVisible = 0;
			defaultConfigurationName = Debug;
		};
		8CC2D6426009B08C8D421DCA /* Build configuration list for PBXNativeTarget "DeepSeekMonitor" */ = {
			isa = XCConfigurationList;
			buildConfigurations = (
				AB1019ED654550BB8254B05A /* Debug */,
				605F1F80B97F464BFE55169A /* Release */,
			);
			defaultConfigurationIsVisible = 0;
			defaultConfigurationName = Debug;
		};
/* End XCConfigurationList section */
	};
	rootObject = A1A10A74F3CA661CBF8A82AE /* Project object */;
}
